
Microsoft Visual Studio Solution File, Format Version 12.00
# Visual Studio Version 17
VisualStudioVersion = 17.0.31903.59
MinimumVisualStudioVersion = 10.0.40219.1
Project("{9A19103F-16F7-4668-BE54-9A1E7A4F7556}") = "ConnectIt.Wpf", "ConnectIt.Wpf\ConnectIt.Wpf.csproj", "{137F02F8-C8CF-458A-8651-B29527C51F0F}"
EndProject
Project("{9A19103F-16F7-4668-BE54-9A1E7A4F7556}") = "ConnectIt.Tests", "ConnectIt.Tests\ConnectIt.Tests.csproj", "{CF2A5268-6625-45E1-BD27-EF72515DAA1B}"
EndProject
Project("{C7167F0D-BC9F-4E6E-AFE1-012C56B48DB5}") = "ConnectIt.Package", "ConnectIt.Package\ConnectIt.Package.wapproj", "{7A6F6E2E-3F7D-4C1C-9D1A-2F7B6E9C4A11}"
EndProject
Global
	GlobalSection(SolutionConfigurationPlatforms) = preSolution
		Debug|x64 = Debug|x64
		Release|x64 = Release|x64
	EndGlobalSection
	GlobalSection(ProjectConfigurationPlatforms) = postSolution
		{137F02F8-C8CF-458A-8651-B29527C51F0F}.Debug|x64.ActiveCfg = Debug|x64
		{137F02F8-C8CF-458A-8651-B29527C51F0F}.Debug|x64.Build.0 = Debug|x64
		{137F02F8-C8CF-458A-8651-B29527C51F0F}.Release|x64.ActiveCfg = Release|x64
		{137F02F8-C8CF-458A-8651-B29527C51F0F}.Release|x64.Build.0 = Release|x64
		{CF2A5268-6625-45E1-BD27-EF72515DAA1B}.Debug|x64.ActiveCfg = Debug|x64
		{CF2A5268-6625-45E1-BD27-EF72515DAA1B}.Debug|x64.Build.0 = Debug|x64
		{CF2A5268-6625-45E1-BD27-EF72515DAA1B}.Release|x64.ActiveCfg = Release|x64
		{CF2A5268-6625-45E1-BD27-EF72515DAA1B}.Release|x64.Build.0 = Release|x64
		{7A6F6E2E-3F7D-4C1C-9D1A-2F7B6E9C4A11}.Debug|x64.ActiveCfg = Debug|x64
		{7A6F6E2E-3F7D-4C1C-9D1A-2F7B6E9C4A11}.Debug|x64.Build.0 = Debug|x64
		{7A6F6E2E-3F7D-4C1C-9D1A-2F7B6E9C4A11}.Debug|x64.Deploy.0 = Debug|x64
		{7A6F6E2E-3F7D-4C1C-9D1A-2F7B6E9C4A11}.Release|x64.ActiveCfg = Release|x64
		{7A6F6E2E-3F7D-4C1C-9D1A-2F7B6E9C4A11}.Release|x64.Build.0 = Release|x64
		{7A6F6E2E-3F7D-4C1C-9D1A-2F7B6E9C4A11}.Release|x64.Deploy.0 = Release|x64
	EndGlobalSection
	GlobalSection(SolutionProperties) = preSolution
		HideSolutionNode = FALSE
	EndGlobalSection
EndGlobal
